// !$*UTF8*$!
{
	archiveVersion = 1;
	classes = {
	};
	objectVersion = 51;
	objects = {

/* Begin PBXBuildFile section */
		32347E7A54778649948C3832 /* Pods_CurrencyChart.framework in Frameworks */ = {isa = PBXBuildFile; fileRef = 938168D7E455E35D3311C8BE /* Pods_CurrencyChart.framework */; };
		4A27AD4E26E81E8D00E5F27C /* WebSocketClient.swift in Sources */ = {isa = PBXBuildFile; fileRef = 4A27AD4D26E81E8D00E5F27C /* WebSocketClient.swift */; };
		4A27AD5126E81EEB00E5F27C /* Ticker.swift in Sources */ = {isa = PBXBuildFile; fileRef = 4A27AD5026E81EEB00E5F27C /* Ticker.swift */; };
		4A27AD5626E81FBB00E5F27C /* PairsListPresenter.swift in Sources */ = {isa = PBXBuildFile; fileRef = 4A27AD5526E81FBB00E5F27C /* PairsListPresenter.swift */; };
		4A27AD5826E81FF400E5F27C /* PairsListBuilder.swift in Sources */ = {isa = PBXBuildFile; fileRef = 4A27AD5726E81FF400E5F27C /* PairsListBuilder.swift */; };
		4A27AD5A26E8201700E5F27C /* ChartPresenter.swift in Sources */ = {isa = PBXBuildFile; fileRef = 4A27AD5926E8201700E5F27C /* ChartPresenter.swift */; };
		4A27AD5C26E8203200E5F27C /* ChartBuilder.swift in Sources */ = {isa = PBXBuildFile; fileRef = 4A27AD5B26E8203200E5F27C /* ChartBuilder.swift */; };
		4A27AD5E26E820E400E5F27C /* ChartViewModel.swift in Sources */ = {isa = PBXBuildFile; fileRef = 4A27AD5D26E820E400E5F27C /* ChartViewModel.swift */; };
		4A27AD6026E820EF00E5F27C /* PairsListViewModel.swift in Sources */ = {isa = PBXBuildFile; fileRef = 4A27AD5F26E820EF00E5F27C /* PairsListViewModel.swift */; };
		4A8B8D0A26E69129000BE610 /* AppDelegate.swift in Sources */ = {isa = PBXBuildFile; fileRef = 4A8B8D0926E69129000BE610 /* AppDelegate.swift */; };
		4A8B8D1326E6912D000BE610 /* Assets.xcassets in Resources */ = {isa = PBXBuildFile; fileRef = 4A8B8D1226E6912D000BE610 /* Assets.xcassets */; };
		4A8B8D1626E6912D000BE610 /* LaunchScreen.storyboard in Resources */ = {isa = PBXBuildFile; fileRef = 4A8B8D1426E6912D000BE610 /* LaunchScreen.storyboard */; };
		4A8B8D1E26E69226000BE610 /* PairsViewController.swift in Sources */ = {isa = PBXBuildFile; fileRef = 4A8B8D1D26E69226000BE610 /* PairsViewController.swift */; };
		4A8B8D2226E69300000BE610 /* HttpClient.swift in Sources */ = {isa = PBXBuildFile; fileRef = 4A8B8D2126E69300000BE610 /* HttpClient.swift */; };
		4A8B8D2426E69324000BE610 /* ChartViewController.swift in Sources */ = {isa = PBXBuildFile; fileRef = 4A8B8D2326E69324000BE610 /* ChartViewController.swift */; };
		4A8B8D2726E6977C000BE610 /* PairsView.swift in Sources */ = {isa = PBXBuildFile; fileRef = 4A8B8D2626E6977C000BE610 /* PairsView.swift */; };
		4A8B8D2926E697CA000BE610 /* PairsTableViewCell.swift in Sources */ = {isa = PBXBuildFile; fileRef = 4A8B8D2826E697CA000BE610 /* PairsTableViewCell.swift */; };
		4A8B8D2D26E69CE9000BE610 /* CollectionExtensions.swift in Sources */ = {isa = PBXBuildFile; fileRef = 4A8B8D2C26E69CE9000BE610 /* CollectionExtensions.swift */; };
		4A8B8D2F26E69DE5000BE610 /* ChartView.swift in Sources */ = {isa = PBXBuildFile; fileRef = 4A8B8D2E26E69DE5000BE610 /* ChartView.swift */; };
		4AF7B84126E7898B00D9F20B /* Screenshots in Resources */ = {isa = PBXBuildFile; fileRef = 4AF7B84026E7898B00D9F20B /* Screenshots */; };
/* End PBXBuildFile section */

/* Begin PBXFileReference section */
		4A27AD4D26E81E8D00E5F27C /* WebSocketClient.swift */ = {isa = PBXFileReference; lastKnownFileType = sourcecode.swift; path = WebSocketClient.swift; sourceTree = "<group>"; };
		4A27AD5026E81EEB00E5F27C /* Ticker.swift */ = {isa = PBXFileReference; lastKnownFileType = sourcecode.swift; path = Ticker.swift; sourceTree = "<group>"; };
		4A27AD5526E81FBB00E5F27C /* PairsListPresenter.swift */ = {isa = PBXFileReference; lastKnownFileType = sourcecode.swift; path = PairsListPresenter.swift; sourceTree = "<group>"; };
		4A27AD5726E81FF400E5F27C /* PairsListBuilder.swift */ = {isa = PBXFileReference; lastKnownFileType = sourcecode.swift; path = PairsListBuilder.swift; sourceTree = "<group>"; };
		4A27AD5926E8201700E5F27C /* ChartPresenter.swift */ = {isa = PBXFileReference; lastKnownFileType = sourcecode.swift; path = ChartPresenter.swift; sourceTree = "<group>"; };
		4A27AD5B26E8203200E5F27C /* ChartBuilder.swift */ = {isa = PBXFileReference; lastKnownFileType = sourcecode.swift; path = ChartBuilder.swift; sourceTree = "<group>"; };
		4A27AD5D26E820E400E5F27C /* ChartViewModel.swift */ = {isa = PBXFileReference; lastKnownFileType = sourcecode.swift; path = ChartViewModel.swift; sourceTree = "<group>"; };
		4A27AD5F26E820EF00E5F27C /* PairsListViewModel.swift */ = {isa = PBXFileReference; lastKnownFileType = sourcecode.swift; path = PairsListViewModel.swift; sourceTree = "<group>"; };
		4A8B8D0626E69129000BE610 /* CurrencyChart.app */ = {isa = PBXFileReference; explicitFileType = wrapper.application; includeInIndex = 0; path = CurrencyChart.app; sourceTree = BUILT_PRODUCTS_DIR; };
		4A8B8D0926E69129000BE610 /* AppDelegate.swift */ = {isa = PBXFileReference; lastKnownFileType = sourcecode.swift; path = AppDelegate.swift; sourceTree = "<group>"; };
		4A8B8D1226E6912D000BE610 /* Assets.xcassets */ = {isa = PBXFileReference; lastKnownFileType = folder.assetcatalog; path = Assets.xcassets; sourceTree = "<group>"; };
		4A8B8D1526E6912D000BE610 /* Base */ = {isa = PBXFileReference; lastKnownFileType = file.storyboard; name = Base; path = Base.lproj/LaunchScreen.storyboard; sourceTree = "<group>"; };
		4A8B8D1726E6912D000BE610 /* Info.plist */ = {isa = PBXFileReference; lastKnownFileType = text.plist.xml; path = Info.plist; sourceTree = "<group>"; };
		4A8B8D1D26E69226000BE610 /* PairsViewController.swift */ = {isa = PBXFileReference; lastKnownFileType = sourcecode.swift; path = PairsViewController.swift; sourceTree = "<group>"; };
		4A8B8D2126E69300000BE610 /* HttpClient.swift */ = {isa = PBXFileReference; lastKnownFileType = sourcecode.swift; path = HttpClient.swift; sourceTree = "<group>"; };
		4A8B8D2326E69324000BE610 /* ChartViewController.swift */ = {isa = PBXFileReference; lastKnownFileType = sourcecode.swift; path = ChartViewController.swift; sourceTree = "<group>"; };
		4A8B8D2626E6977C000BE610 /* PairsView.swift */ = {isa = PBXFileReference; lastKnownFileType = sourcecode.swift; path = PairsView.swift; sourceTree = "<group>"; };
		4A8B8D2826E697CA000BE610 /* PairsTableViewCell.swift */ = {isa = PBXFileReference; lastKnownFileType = sourcecode.swift; path = PairsTableViewCell.swift; sourceTree = "<group>"; };
		4A8B8D2C26E69CE9000BE610 /* CollectionExtensions.swift */ = {isa = PBXFileReference; fileEncoding = 4; lastKnownFileType = sourcecode.swift; path = CollectionExtensions.swift; sourceTree = "<group>"; };
		4A8B8D2E26E69DE5000BE610 /* ChartView.swift */ = {isa = PBXFileReference; fileEncoding = 4; lastKnownFileType = sourcecode.swift; path = ChartView.swift; sourceTree = "<group>"; };
		4AF7B84026E7898B00D9F20B /* Screenshots */ = {isa = PBXFileReference; lastKnownFileType = folder; path = Screenshots; sourceTree = "<group>"; };
		938168D7E455E35D3311C8BE /* Pods_CurrencyChart.framework */ = {isa = PBXFileReference; explicitFileType = wrapper.framework; includeInIndex = 0; path = Pods_CurrencyChart.framework; sourceTree = BUILT_PRODUCTS_DIR; };
		DA359BEDDF9D7C03CB5BF0DA /* Pods-CurrencyChart.debug.xcconfig */ = {isa = PBXFileReference; includeInIndex = 1; lastKnownFileType = text.xcconfig; name = "Pods-CurrencyChart.debug.xcconfig"; path = "Target Support Files/Pods-CurrencyChart/Pods-CurrencyChart.debug.xcconfig"; sourceTree = "<group>"; };
		F3CB4DC7A4628830B43DBF4E /* Pods-CurrencyChart.release.xcconfig */ = {isa = PBXFileReference; includeInIndex = 1; lastKnownFileType = text.xcconfig; name = "Pods-CurrencyChart.release.xcconfig"; path = "Target Support Files/Pods-CurrencyChart/Pods-CurrencyChart.release.xcconfig"; sourceTree = "<group>"; };
/* End PBXFileReference section */

/* Begin PBXFrameworksBuildPhase section */
		4A8B8D0326E69129000BE610 /* Frameworks */ = {
			isa = PBXFrameworksBuildPhase;
			buildActionMask = 2147483647;
			files = (
				32347E7A54778649948C3832 /* Pods_CurrencyChart.framework in Frameworks */,
			);
			runOnlyForDeploymentPostprocessing = 0;
		};
/* End PBXFrameworksBuildPhase section */

/* Begin PBXGroup section */
		4A27AD4C26E81DEB00E5F27C /* NetworkLayer */ = {
			isa = PBXGroup;
			children = (
				4A8B8D2126E69300000BE610 /* HttpClient.swift */,
				4A27AD4D26E81E8D00E5F27C /* WebSocketClient.swift */,
			);
			path = NetworkLayer;
			sourceTree = "<group>";
		};
		4A27AD4F26E81ED200E5F27C /* Entities */ = {
			isa = PBXGroup;
			children = (
				4A27AD5026E81EEB00E5F27C /* Ticker.swift */,
			);
			path = Entities;
			sourceTree = "<group>";
		};
		4A27AD5326E81F2100E5F27C /* ViewModels */ = {
			isa = PBXGroup;
			children = (
				4A27AD5D26E820E400E5F27C /* ChartViewModel.swift */,
			);
			path = ViewModels;
			sourceTree = "<group>";
		};
		4A27AD5426E81F2C00E5F27C /* ViewModels */ = {
			isa = PBXGroup;
			children = (
				4A27AD5F26E820EF00E5F27C /* PairsListViewModel.swift */,
			);
			path = ViewModels;
			sourceTree = "<group>";
		};
		4A8B8CFD26E69129000BE610 = {
			isa = PBXGroup;
			children = (
				4A8B8D0826E69129000BE610 /* CurrencyChart */,
				4AF7B84026E7898B00D9F20B /* Screenshots */,
				4A8B8D0726E69129000BE610 /* Products */,
				C918DC170EF8E48910F67E50 /* Pods */,
				730E6C6AD92E2FF0231E0651 /* Frameworks */,
			);
			sourceTree = "<group>";
		};
		4A8B8D0726E69129000BE610 /* Products */ = {
			isa = PBXGroup;
			children = (
				4A8B8D0626E69129000BE610 /* CurrencyChart.app */,
			);
			name = Products;
			sourceTree = "<group>";
		};
		4A8B8D0826E69129000BE610 /* CurrencyChart */ = {
			isa = PBXGroup;
			children = (
				4A27AD4F26E81ED200E5F27C /* Entities */,
				4A27AD4C26E81DEB00E5F27C /* NetworkLayer */,
				4A8B8D2526E69327000BE610 /* Chart */,
				4A8B8D2026E692A6000BE610 /* PairsList */,
				4A8B8D2B26E69CD8000BE610 /* Extensions */,
				4A8B8D1F26E69299000BE610 /* AppSupport */,
				4A8B8D1726E6912D000BE610 /* Info.plist */,
			);
			path = CurrencyChart;
			sourceTree = "<group>";
		};
		4A8B8D1F26E69299000BE610 /* AppSupport */ = {
			isa = PBXGroup;
			children = (
				4A8B8D0926E69129000BE610 /* AppDelegate.swift */,
				4A8B8D1226E6912D000BE610 /* Assets.xcassets */,
				4A8B8D1426E6912D000BE610 /* LaunchScreen.storyboard */,
			);
			path = AppSupport;
			sourceTree = "<group>";
		};
		4A8B8D2026E692A6000BE610 /* PairsList */ = {
			isa = PBXGroup;
			children = (
				4A27AD5426E81F2C00E5F27C /* ViewModels */,
				4A8B8D2A26E697D9000BE610 /* Views */,
				4A8B8D1D26E69226000BE610 /* PairsViewController.swift */,
				4A27AD5526E81FBB00E5F27C /* PairsListPresenter.swift */,
				4A27AD5726E81FF400E5F27C /* PairsListBuilder.swift */,
			);
			path = PairsList;
			sourceTree = "<group>";
		};
		4A8B8D2526E69327000BE610 /* Chart */ = {
			isa = PBXGroup;
			children = (
				4A27AD5326E81F2100E5F27C /* ViewModels */,
				4A8B8D3026E69DF7000BE610 /* Views */,
				4A8B8D2326E69324000BE610 /* ChartViewController.swift */,
				4A27AD5926E8201700E5F27C /* ChartPresenter.swift */,
				4A27AD5B26E8203200E5F27C /* ChartBuilder.swift */,
			);
			path = Chart;
			sourceTree = "<group>";
		};
		4A8B8D2A26E697D9000BE610 /* Views */ = {
			isa = PBXGroup;
			children = (
				4A8B8D2826E697CA000BE610 /* PairsTableViewCell.swift */,
				4A8B8D2626E6977C000BE610 /* PairsView.swift */,
			);
			path = Views;
			sourceTree = "<group>";
		};
		4A8B8D2B26E69CD8000BE610 /* Extensions */ = {
			isa = PBXGroup;
			children = (
				4A8B8D2C26E69CE9000BE610 /* CollectionExtensions.swift */,
			);
			path = Extensions;
			sourceTree = "<group>";
		};
		4A8B8D3026E69DF7000BE610 /* Views */ = {
			isa = PBXGroup;
			children = (
				4A8B8D2E26E69DE5000BE610 /* ChartView.swift */,
			);
			path = Views;
			sourceTree = "<group>";
		};
		730E6C6AD92E2FF0231E0651 /* Frameworks */ = {
			isa = PBXGroup;
			children = (
				938168D7E455E35D3311C8BE /* Pods_CurrencyChart.framework */,
			);
			name = Frameworks;
			sourceTree = "<group>";
		};
		C918DC170EF8E48910F67E50 /* Pods */ = {
			isa = PBXGroup;
			children = (
				DA359BEDDF9D7C03CB5BF0DA /* Pods-CurrencyChart.debug.xcconfig */,
				F3CB4DC7A4628830B43DBF4E /* Pods-CurrencyChart.release.xcconfig */,
			);
			path = Pods;
			sourceTree = "<group>";
		};
/* End PBXGroup section */

/* Begin PBXNativeTarget section */
		4A8B8D0526E69129000BE610 /* CurrencyChart */ = {
			isa = PBXNativeTarget;
			buildConfigurationList = 4A8B8D1A26E6912D000BE610 /* Build configuration list for PBXNativeTarget "CurrencyChart" */;
			buildPhases = (
				CB2D73C31B8D280CBED2A8E6 /* [CP] Check Pods Manifest.lock */,
				4A8B8D0226E69129000BE610 /* Sources */,
				4A8B8D0326E69129000BE610 /* Frameworks */,
				4A8B8D0426E69129000BE610 /* Resources */,
				E0D23A6EB67248B360707A7A /* [CP] Embed Pods Frameworks */,
			);
			buildRules = (
			);
			dependencies = (
			);
			name = CurrencyChart;
			productName = CurrencyChart;
			productReference = 4A8B8D0626E69129000BE610 /* CurrencyChart.app */;
			productType = "com.apple.product-type.application";
		};
/* End PBXNativeTarget section */

/* Begin PBXProject section */
		4A8B8CFE26E69129000BE610 /* Project object */ = {
			isa = PBXProject;
			attributes = {
				LastSwiftUpdateCheck = 1250;
				LastUpgradeCheck = 1250;
				TargetAttributes = {
					4A8B8D0526E69129000BE610 = {
						CreatedOnToolsVersion = 12.5.1;
					};
				};
			};
			buildConfigurationList = 4A8B8D0126E69129000BE610 /* Build configuration list for PBXProject "CurrencyChart" */;
			compatibilityVersion = "Xcode 9.3";
			developmentRegion = en;
			hasScannedForEncodings = 0;
			knownRegions = (
				en,
				Base,
			);
			mainGroup = 4A8B8CFD26E69129000BE610;
			productRefGroup = 4A8B8D0726E69129000BE610 /* Products */;
			projectDirPath = "";
			projectRoot = "";
			targets = (
				4A8B8D0526E69129000BE610 /* CurrencyChart */,
			);
		};
/* End PBXProject section */

/* Begin PBXResourcesBuildPhase section */
		4A8B8D0426E69129000BE610 /* Resources */ = {
			isa = PBXResourcesBuildPhase;
			buildActionMask = 2147483647;
			files = (
				4A8B8D1626E6912D000BE610 /* LaunchScreen.storyboard in Resources */,
				4AF7B84126E7898B00D9F20B /* Screenshots in Resources */,
				4A8B8D1326E6912D000BE610 /* Assets.xcassets in Resources */,
			);
			runOnlyForDeploymentPostprocessing = 0;
		};
/* End PBXResourcesBuildPhase section */

/* Begin PBXShellScriptBuildPhase section */
		CB2D73C31B8D280CBED2A8E6 /* [CP] Check Pods Manifest.lock */ = {
			isa = PBXShellScriptBuildPhase;
			buildActionMask = 2147483647;
			files = (
			);
			inputFileListPaths = (
			);
			inputPaths = (
				"${PODS_PODFILE_DIR_PATH}/Podfile.lock",
				"${PODS_ROOT}/Manifest.lock",
			);
			name = "[CP] Check Pods Manifest.lock";
			outputFileListPaths = (
			);
			outputPaths = (
				"$(DERIVED_FILE_DIR)/Pods-CurrencyChart-checkManifestLockResult.txt",
			);
			runOnlyForDeploymentPostprocessing = 0;
			shellPath = /bin/sh;
			shellScript = "diff \"${PODS_PODFILE_DIR_PATH}/Podfile.lock\" \"${PODS_ROOT}/Manifest.lock\" > /dev/null\nif [ $? != 0 ] ; then\n    # print error to STDERR\n    echo \"error: The sandbox is not in sync with the Podfile.lock. Run 'pod install' or update your CocoaPods installation.\" >&2\n    exit 1\nfi\n# This output is used by Xcode 'outputs' to avoid re-running this script phase.\necho \"SUCCESS\" > \"${SCRIPT_OUTPUT_FILE_0}\"\n";
			showEnvVarsInLog = 0;
		};
		E0D23A6EB67248B360707A7A /* [CP] Embed Pods Frameworks */ = {
			isa = PBXShellScriptBuildPhase;
			buildActionMask = 2147483647;
			files = (
			);
			inputFileListPaths = (
				"${PODS_ROOT}/Target Support Files/Pods-CurrencyChart/Pods-CurrencyChart-frameworks-${CONFIGURATION}-input-files.xcfilelist",
			);
			name = "[CP] Embed Pods Frameworks";
			outputFileListPaths = (
				"${PODS_ROOT}/Target Support Files/Pods-CurrencyChart/Pods-CurrencyChart-frameworks-${CONFIGURATION}-output-files.xcfilelist",
			);
			runOnlyForDeploymentPostprocessing = 0;
			shellPath = /bin/sh;
			shellScript = "\"${PODS_ROOT}/Target Support Files/Pods-CurrencyChart/Pods-CurrencyChart-frameworks.sh\"\n";
			showEnvVarsInLog = 0;
		};
/* End PBXShellScriptBuildPhase section */

/* Begin PBXSourcesBuildPhase section */
		4A8B8D0226E69129000BE610 /* Sources */ = {
			isa = PBXSourcesBuildPhase;
			buildActionMask = 2147483647;
			files = (
				4A27AD5E26E820E400E5F27C /* ChartViewModel.swift in Sources */,
				4A8B8D2726E6977C000BE610 /* PairsView.swift in Sources */,
				4A8B8D2D26E69CE9000BE610 /* CollectionExtensions.swift in Sources */,
				4A8B8D2926E697CA000BE610 /* PairsTableViewCell.swift in Sources */,
				4A8B8D2F26E69DE5000BE610 /* ChartView.swift in Sources */,
				4A27AD6026E820EF00E5F27C /* PairsListViewModel.swift in Sources */,
				4A27AD5C26E8203200E5F27C /* ChartBuilder.swift in Sources */,
				4A8B8D2226E69300000BE610 /* HttpClient.swift in Sources */,
				4A27AD4E26E81E8D00E5F27C /* WebSocketClient.swift in Sources */,
				4A8B8D2426E69324000BE610 /* ChartViewController.swift in Sources */,
				4A27AD5826E81FF400E5F27C /* PairsListBuilder.swift in Sources */,
				4A27AD5126E81EEB00E5F27C /* Ticker.swift in Sources */,
				4A27AD5626E81FBB00E5F27C /* PairsListPresenter.swift in Sources */,
				4A8B8D1E26E69226000BE610 /* PairsViewController.swift in Sources */,
				4A8B8D0A26E69129000BE610 /* AppDelegate.swift in Sources */,
				4A27AD5A26E8201700E5F27C /* ChartPresenter.swift in Sources */,
			);
			runOnlyForDeploymentPostprocessing = 0;
		};
/* End PBXSourcesBuildPhase section */

/* Begin PBXVariantGroup section */
		4A8B8D1426E6912D000BE610 /* LaunchScreen.storyboard */ = {
			isa = PBXVariantGroup;
			children = (
				4A8B8D1526E6912D000BE610 /* Base */,
			);
			name = LaunchScreen.storyboard;
			sourceTree = "<group>";
		};
/* End PBXVariantGroup section */

/* Begin XCBuildConfiguration section */
		4A8B8D1826E6912D000BE610 /* Debug */ = {
			isa = XCBuildConfiguration;
			buildSettings = {
				ALWAYS_SEARCH_USER_PATHS = NO;
				CLANG_ANALYZER_NONNULL = YES;
				CLANG_ANALYZER_NUMBER_OBJECT_CONVERSION = YES_AGGRESSIVE;
				CLANG_CXX_LANGUAGE_STANDARD = "gnu++14";
				CLANG_CXX_LIBRARY = "libc++";
				CLANG_ENABLE_MODULES = YES;
				CLANG_ENABLE_OBJC_ARC = YES;
				CLANG_ENABLE_OBJC_WEAK = YES;
				CLANG_WARN_BLOCK_CAPTURE_AUTORELEASING = YES;
				CLANG_WARN_BOOL_CONVERSION = YES;
				CLANG_WARN_COMMA = YES;
				CLANG_WARN_CONSTANT_CONVERSION = YES;
				CLANG_WARN_DEPRECATED_OBJC_IMPLEMENTATIONS = YES;
				CLANG_WARN_DIRECT_OBJC_ISA_USAGE = YES_ERROR;
				CLANG_WARN_DOCUMENTATION_COMMENTS = YES;
				CLANG_WARN_EMPTY_BODY = YES;
				CLANG_WARN_ENUM_CONVERSION = YES;
				CLANG_WARN_INFINITE_RECURSION = YES;
				CLANG_WARN_INT_CONVERSION = YES;
				CLANG_WARN_NON_LITERAL_NULL_CONVERSION = YES;
				CLANG_WARN_OBJC_IMPLICIT_RETAIN_SELF = YES;
				CLANG_WARN_OBJC_LITERAL_CONVERSION = YES;
				CLANG_WARN_OBJC_ROOT_CLASS = YES_ERROR;
				CLANG_WARN_QUOTED_INCLUDE_IN_FRAMEWORK_HEADER = YES;
				CLANG_WARN_RANGE_LOOP_ANALYSIS = YES;
				CLANG_WARN_STRICT_PROTOTYPES = YES;
				CLANG_WARN_SUSPICIOUS_MOVE = YES;
				CLANG_WARN_UNGUARDED_AVAILABILITY = YES_AGGRESSIVE;
				CLANG_WARN_UNREACHABLE_CODE = YES;
				CLANG_WARN__DUPLICATE_METHOD_MATCH = YES;
				COPY_PHASE_STRIP = NO;
				DEBUG_INFORMATION_FORMAT = dwarf;
				ENABLE_STRICT_OBJC_MSGSEND = YES;
				ENABLE_TESTABILITY = YES;
				GCC_C_LANGUAGE_STANDARD = gnu11;
				GCC_DYNAMIC_NO_PIC = NO;
				GCC_NO_COMMON_BLOCKS = YES;
				GCC_OPTIMIZATION_LEVEL = 0;
				GCC_PREPROCESSOR_DEFINITIONS = (
					"DEBUG=1",
					"$(inherited)",
				);
				GCC_WARN_64_TO_32_BIT_CONVERSION = YES;
				GCC_WARN_ABOUT_RETURN_TYPE = YES_ERROR;
				GCC_WARN_UNDECLARED_SELECTOR = YES;
				GCC_WARN_UNINITIALIZED_AUTOS = YES_AGGRESSIVE;
				GCC_WARN_UNUSED_FUNCTION = YES;
				GCC_WARN_UNUSED_VARIABLE = YES;
				IPHONEOS_DEPLOYMENT_TARGET = 14.5;
				MTL_ENABLE_DEBUG_INFO = INCLUDE_SOURCE;
				MTL_FAST_MATH = YES;
				ONLY_ACTIVE_ARCH = YES;
				SDKROOT = iphoneos;
				SWIFT_ACTIVE_COMPILATION_CONDITIONS = DEBUG;
				SWIFT_OPTIMIZATION_LEVEL = "-Onone";
			};
			name = Debug;
		};
		4A8B8D1926E6912D000BE610 /* Release */ = {
			isa = XCBuildConfiguration;
			buildSettings = {
				ALWAYS_SEARCH_USER_PATHS = NO;
				CLANG_ANALYZER_NONNULL = YES;
				CLANG_ANALYZER_NUMBER_OBJECT_CONVERSION = YES_AGGRESSIVE;
				CLANG_CXX_LANGUAGE_STANDARD = "gnu++14";
				CLANG_CXX_LIBRARY = "libc++";
				CLANG_ENABLE_MODULES = YES;
				CLANG_ENABLE_OBJC_ARC = YES;
				CLANG_ENABLE_OBJC_WEAK = YES;
				CLANG_WARN_BLOCK_CAPTURE_AUTORELEASING = YES;
				CLANG_WARN_BOOL_CONVERSION = YES;
				CLANG_WARN_COMMA = YES;
				CLANG_WARN_CONSTANT_CONVERSION = YES;
				CLANG_WARN_DEPRECATED_OBJC_IMPLEMENTATIONS = YES;
				CLANG_WARN_DIRECT_OBJC_ISA_USAGE = YES_ERROR;
				CLANG_WARN_DOCUMENTATION_COMMENTS = YES;
				CLANG_WARN_EMPTY_BODY = YES;
				CLANG_WARN_ENUM_CONVERSION = YES;
				CLANG_WARN_INFINITE_RECURSION = YES;
				CLANG_WARN_INT_CONVERSION = YES;
				CLANG_WARN_NON_LITERAL_NULL_CONVERSION = YES;
				CLANG_WARN_OBJC_IMPLICIT_RETAIN_SELF = YES;
				CLANG_WARN_OBJC_LITERAL_CONVERSION = YES;
				CLANG_WARN_OBJC_ROOT_CLASS = YES_ERROR;
				CLANG_WARN_QUOTED_INCLUDE_IN_FRAMEWORK_HEADER = YES;
				CLANG_WARN_RANGE_LOOP_ANALYSIS = YES;
				CLANG_WARN_STRICT_PROTOTYPES = YES;
				CLANG_WARN_SUSPICIOUS_MOVE = YES;
				CLANG_WARN_UNGUARDED_AVAILABILITY = YES_AGGRESSIVE;
				CLANG_WARN_UNREACHABLE_CODE = YES;
				CLANG_WARN__DUPLICATE_METHOD_MATCH = YES;
				COPY_PHASE_STRIP = NO;
				DEBUG_INFORMATION_FORMAT = "dwarf-with-dsym";
				ENABLE_NS_ASSERTIONS = NO;
				ENABLE_STRICT_OBJC_MSGSEND = YES;
				GCC_C_LANGUAGE_STANDARD = gnu11;
				GCC_NO_COMMON_BLOCKS = YES;
				GCC_WARN_64_TO_32_BIT_CONVERSION = YES;
				GCC_WARN_ABOUT_RETURN_TYPE = YES_ERROR;
				GCC_WARN_UNDECLARED_SELECTOR = YES;
				GCC_WARN_UNINITIALIZED_AUTOS = YES_AGGRESSIVE;
				GCC_WARN_UNUSED_FUNCTION = YES;
				GCC_WARN_UNUSED_VARIABLE = YES;
				IPHONEOS_DEPLOYMENT_TARGET = 14.5;
				MTL_ENABLE_DEBUG_INFO = NO;
				MTL_FAST_MATH = YES;
				SDKROOT = iphoneos;
				SWIFT_COMPILATION_MODE = wholemodule;
				SWIFT_OPTIMIZATION_LEVEL = "-O";
				VALIDATE_PRODUCT = YES;
			};
			name = Release;
		};
		4A8B8D1B26E6912D000BE610 /* Debug */ = {
			isa = XCBuildConfiguration;
			baseConfigurationReference = DA359BEDDF9D7C03CB5BF0DA /* Pods-CurrencyChart.debug.xcconfig */;
			buildSettings = {
				ASSETCATALOG_COMPILER_APPICON_NAME = AppIcon;
				ASSETCATALOG_COMPILER_GLOBAL_ACCENT_COLOR_NAME = AccentColor;
				CODE_SIGN_STYLE = Automatic;
				INFOPLIST_FILE = CurrencyChart/Info.plist;
				IPHONEOS_DEPLOYMENT_TARGET = 13.0;
				LD_RUNPATH_SEARCH_PATHS = (
					"$(inherited)",
					"@executable_path/Frameworks",
				);
				PRODUCT_BUNDLE_IDENTIFIER = ru.yandex.urfenjust.CurrencyChart;
				PRODUCT_NAME = "$(TARGET_NAME)";
				SWIFT_VERSION = 5.0;
				TARGETED_DEVICE_FAMILY = "1,2";
			};
			name = Debug;
		};
		4A8B8D1C26E6912D000BE610 /* Release */ = {
			isa = XCBuildConfiguration;
			baseConfigurationReference = F3CB4DC7A4628830B43DBF4E /* Pods-CurrencyChart.release.xcconfig */;
			buildSettings = {
				ASSETCATALOG_COMPILER_APPICON_NAME = AppIcon;
				ASSETCATALOG_COMPILER_GLOBAL_ACCENT_COLOR_NAME = AccentColor;
				CODE_SIGN_STYLE = Automatic;
				INFOPLIST_FILE = CurrencyChart/Info.plist;
				IPHONEOS_DEPLOYMENT_TARGET = 13.0;
				LD_RUNPATH_SEARCH_PATHS = (
					"$(inherited)",
					"@executable_path/Frameworks",
				);
				PRODUCT_BUNDLE_IDENTIFIER = ru.yandex.urfenjust.CurrencyChart;
				PRODUCT_NAME = "$(TARGET_NAME)";
				SWIFT_VERSION = 5.0;
				TARGETED_DEVICE_FAMILY = "1,2";
			};
			name = Release;
		};
/* End XCBuildConfiguration section */

/* Begin XCConfigurationList section */
		4A8B8D0126E69129000BE610 /* Build configuration list for PBXProject "CurrencyChart" */ = {
			isa = XCConfigurationList;
			buildConfigurations = (
				4A8B8D1826E6912D000BE610 /* Debug */,
				4A8B8D1926E6912D000BE610 /* Release */,
			);
			defaultConfigurationIsVisible = 0;
			defaultConfigurationName = Release;
		};
		4A8B8D1A26E6912D000BE610 /* Build configuration list for PBXNativeTarget "CurrencyChart" */ = {
			isa = XCConfigurationList;
			buildConfigurations = (
				4A8B8D1B26E6912D000BE610 /* Debug */,
				4A8B8D1C26E6912D000BE610 /* Release */,
			);
			defaultConfigurationIsVisible = 0;
			defaultConfigurationName = Release;
		};
/* End XCConfigurationList section */
	};
	rootObject = 4A8B8CFE26E69129000BE610 /* Project object */;
}
